// !$*UTF8*$!
{
	archiveVersion = 1;
	classes = {
	};
	objectVersion = 50;
	objects = {

/* Begin PBXBuildFile section */
		1B39C96C9A80E85043F2EEC6 /* Pods_ResourcesTest.framework in Frameworks */ = {isa = PBXBuildFile; fileRef = 5299088C61D54E3C91E9D6D7 /* Pods_ResourcesTest.framework */; };
		750B302321CA3981009CBC6D /* AppDelegate.swift in Sources */ = {isa = PBXBuildFile; fileRef = 750B302221CA3981009CBC6D /* AppDelegate.swift */; };
		750B302521CA3981009CBC6D /* ARHuxingViewController.swift in Sources */ = {isa = PBXBuildFile; fileRef = 750B302421CA3981009CBC6D /* ARHuxingViewController.swift */; };
		750B302821CA3981009CBC6D /* Main.storyboard in Resources */ = {isa = PBXBuildFile; fileRef = 750B302621CA3981009CBC6D /* Main.storyboard */; };
		750B302A21CA3982009CBC6D /* Assets.xcassets in Resources */ = {isa = PBXBuildFile; fileRef = 750B302921CA3982009CBC6D /* Assets.xcassets */; };
		750B302D21CA3982009CBC6D /* LaunchScreen.storyboard in Resources */ = {isa = PBXBuildFile; fileRef = 750B302B21CA3982009CBC6D /* LaunchScreen.storyboard */; };
		750B303721CA3F3A009CBC6D /* ResourcesTest.bundle in Resources */ = {isa = PBXBuildFile; fileRef = 750B303621CA3F3A009CBC6D /* ResourcesTest.bundle */; };
/* End PBXBuildFile section */

/* Begin PBXFileReference section */
		444689DA0B0BD2AA6290B698 /* Pods-ResourcesTest.debug.xcconfig */ = {isa = PBXFileReference; includeInIndex = 1; lastKnownFileType = text.xcconfig; name = "Pods-ResourcesTest.debug.xcconfig"; path = "Pods/Target Support Files/Pods-ResourcesTest/Pods-ResourcesTest.debug.xcconfig"; sourceTree = "<group>"; };
		5299088C61D54E3C91E9D6D7 /* Pods_ResourcesTest.framework */ = {isa = PBXFileReference; explicitFileType = wrapper.framework; includeInIndex = 0; path = Pods_ResourcesTest.framework; sourceTree = BUILT_PRODUCTS_DIR; };
		5981A63BA9063F9E65741842 /* Pods-ResourcesTest.release.xcconfig */ = {isa = PBXFileReference; includeInIndex = 1; lastKnownFileType = text.xcconfig; name = "Pods-ResourcesTest.release.xcconfig"; path = "Pods/Target Support Files/Pods-ResourcesTest/Pods-ResourcesTest.release.xcconfig"; sourceTree = "<group>"; };
		750B301F21CA3981009CBC6D /* ResourcesTest.app */ = {isa = PBXFileReference; explicitFileType = wrapper.application; includeInIndex = 0; path = ResourcesTest.app; sourceTree = BUILT_PRODUCTS_DIR; };
		750B302221CA3981009CBC6D /* AppDelegate.swift */ = {isa = PBXFileReference; lastKnownFileType = sourcecode.swift; path = AppDelegate.swift; sourceTree = "<group>"; };
		750B302421CA3981009CBC6D /* ARHuxingViewController.swift */ = {isa = PBXFileReference; lastKnownFileType = sourcecode.swift; path = ARHuxingViewController.swift; sourceTree = "<group>"; };
		750B302721CA3981009CBC6D /* Base */ = {isa = PBXFileReference; lastKnownFileType = file.storyboard; name = Base; path = Base.lproj/Main.storyboard; sourceTree = "<group>"; };
		750B302921CA3982009CBC6D /* Assets.xcassets */ = {isa = PBXFileReference; lastKnownFileType = folder.assetcatalog; path = Assets.xcassets; sourceTree = "<group>"; };
		750B302C21CA3982009CBC6D /* Base */ = {isa = PBXFileReference; lastKnownFileType = file.storyboard; name = Base; path = Base.lproj/LaunchScreen.storyboard; sourceTree = "<group>"; };
		750B302E21CA3982009CBC6D /* Info.plist */ = {isa = PBXFileReference; lastKnownFileType = text.plist.xml; path = Info.plist; sourceTree = "<group>"; };
		750B303621CA3F3A009CBC6D /* ResourcesTest.bundle */ = {isa = PBXFileReference; lastKnownFileType = "wrapper.plug-in"; path = ResourcesTest.bundle; sourceTree = "<group>"; };
/* End PBXFileReference section */

/* Begin PBXFrameworksBuildPhase section */
		750B301C21CA3981009CBC6D /* Frameworks */ = {
			isa = PBXFrameworksBuildPhase;
			buildActionMask = 2147483647;
			files = (
				1B39C96C9A80E85043F2EEC6 /* Pods_ResourcesTest.framework in Frameworks */,
			);
			runOnlyForDeploymentPostprocessing = 0;
		};
/* End PBXFrameworksBuildPhase section */

/* Begin PBXGroup section */
		750B301621CA3981009CBC6D = {
			isa = PBXGroup;
			children = (
				750B302121CA3981009CBC6D /* ResourcesTest */,
				750B302021CA3981009CBC6D /* Products */,
				B3D055D2093C87B04D4B55D3 /* Pods */,
				7F98AB76C361B32C51E516D8 /* Frameworks */,
			);
			sourceTree = "<group>";
		};
		750B302021CA3981009CBC6D /* Products */ = {
			isa = PBXGroup;
			children = (
				750B301F21CA3981009CBC6D /* ResourcesTest.app */,
			);
			name = Products;
			sourceTree = "<group>";
		};
		750B302121CA3981009CBC6D /* ResourcesTest */ = {
			isa = PBXGroup;
			children = (
				750B302221CA3981009CBC6D /* AppDelegate.swift */,
				750B302421CA3981009CBC6D /* ARHuxingViewController.swift */,
				750B303621CA3F3A009CBC6D /* ResourcesTest.bundle */,
				750B302621CA3981009CBC6D /* Main.storyboard */,
				750B302921CA3982009CBC6D /* Assets.xcassets */,
				750B302B21CA3982009CBC6D /* LaunchScreen.storyboard */,
				750B302E21CA3982009CBC6D /* Info.plist */,
			);
			path = ResourcesTest;
			sourceTree = "<group>";
		};
		7F98AB76C361B32C51E516D8 /* Frameworks */ = {
			isa = PBXGroup;
			children = (
				5299088C61D54E3C91E9D6D7 /* Pods_ResourcesTest.framework */,
			);
			name = Frameworks;
			sourceTree = "<group>";
		};
		B3D055D2093C87B04D4B55D3 /* Pods */ = {
			isa = PBXGroup;
			children = (
				444689DA0B0BD2AA6290B698 /* Pods-ResourcesTest.debug.xcconfig */,
				5981A63BA9063F9E65741842 /* Pods-ResourcesTest.release.xcconfig */,
			);
			name = Pods;
			sourceTree = "<group>";
		};
/* End PBXGroup section */

/* Begin PBXNativeTarget section */
		750B301E21CA3981009CBC6D /* ResourcesTest */ = {
			isa = PBXNativeTarget;
			buildConfigurationList = 750B303121CA3982009CBC6D /* Build configuration list for PBXNativeTarget "ResourcesTest" */;
			buildPhases = (
				CB01FE7BF9060730A1DC9B62 /* [CP] Check Pods Manifest.lock */,
				750B301B21CA3981009CBC6D /* Sources */,
				750B301C21CA3981009CBC6D /* Frameworks */,
				750B301D21CA3981009CBC6D /* Resources */,
				A670AE05D54D8E1B35C1D38A /* [CP] Embed Pods Frameworks */,
			);
			buildRules = (
			);
			dependencies = (
			);
			name = ResourcesTest;
			productName = ResourcesTest;
			productReference = 750B301F21CA3981009CBC6D /* ResourcesTest.app */;
			productType = "com.apple.product-type.application";
		};
/* End PBXNativeTarget section */

/* Begin PBXProject section */
		750B301721CA3981009CBC6D /* Project object */ = {
			isa = PBXProject;
			attributes = {
				LastSwiftUpdateCheck = 1010;
				LastUpgradeCheck = 1010;
				ORGANIZATIONNAME = EJU;
				TargetAttributes = {
					750B301E21CA3981009CBC6D = {
						CreatedOnToolsVersion = 10.1;
					};
				};
			};
			buildConfigurationList = 750B301A21CA3981009CBC6D /* Build configuration list for PBXProject "ResourcesTest" */;
			compatibilityVersion = "Xcode 9.3";
			developmentRegion = en;
			hasScannedForEncodings = 0;
			knownRegions = (
				en,
				Base,
			);
			mainGroup = 750B301621CA3981009CBC6D;
			productRefGroup = 750B302021CA3981009CBC6D /* Products */;
			projectDirPath = "";
			projectRoot = "";
			targets = (
				750B301E21CA3981009CBC6D /* ResourcesTest */,
			);
		};
/* End PBXProject section */

/* Begin PBXResourcesBuildPhase section */
		750B301D21CA3981009CBC6D /* Resources */ = {
			isa = PBXResourcesBuildPhase;
			buildActionMask = 2147483647;
			files = (
				750B302D21CA3982009CBC6D /* LaunchScreen.storyboard in Resources */,
				750B302A21CA3982009CBC6D /* Assets.xcassets in Resources */,
				750B302821CA3981009CBC6D /* Main.storyboard in Resources */,
				750B303721CA3F3A009CBC6D /* ResourcesTest.bundle in Resources */,
			);
			runOnlyForDeploymentPostprocessing = 0;
		};
/* End PBXResourcesBuildPhase section */

/* Begin PBXShellScriptBuildPhase section */
		A670AE05D54D8E1B35C1D38A /* [CP] Embed Pods Frameworks */ = {
			isa = PBXShellScriptBuildPhase;
			buildActionMask = 2147483647;
			files = (
			);
			inputPaths = (
				"${SRCROOT}/Pods/Target Support Files/Pods-ResourcesTest/Pods-ResourcesTest-frameworks.sh",
				"${BUILT_PRODUCTS_DIR}/Alamofire/Alamofire.framework",
				"${BUILT_PRODUCTS_DIR}/HandyJSON/HandyJSON.framework",
				"${BUILT_PRODUCTS_DIR}/SSZipArchive/SSZipArchive.framework",
				"${BUILT_PRODUCTS_DIR}/SnapKit/SnapKit.framework",
				"${BUILT_PRODUCTS_DIR}/Tiercel/Tiercel.framework",
				"${BUILT_PRODUCTS_DIR}/Toast-Swift/Toast_Swift.framework",
			);
			name = "[CP] Embed Pods Frameworks";
			outputPaths = (
				"${TARGET_BUILD_DIR}/${FRAMEWORKS_FOLDER_PATH}/Alamofire.framework",
				"${TARGET_BUILD_DIR}/${FRAMEWORKS_FOLDER_PATH}/HandyJSON.framework",
				"${TARGET_BUILD_DIR}/${FRAMEWORKS_FOLDER_PATH}/SSZipArchive.framework",
				"${TARGET_BUILD_DIR}/${FRAMEWORKS_FOLDER_PATH}/SnapKit.framework",
				"${TARGET_BUILD_DIR}/${FRAMEWORKS_FOLDER_PATH}/Tiercel.framework",
				"${TARGET_BUILD_DIR}/${FRAMEWORKS_FOLDER_PATH}/Toast_Swift.framework",
			);
			runOnlyForDeploymentPostprocessing = 0;
			shellPath = /bin/sh;
			shellScript = "\"${SRCROOT}/Pods/Target Support Files/Pods-ResourcesTest/Pods-ResourcesTest-frameworks.sh\"\n";
			showEnvVarsInLog = 0;
		};
		CB01FE7BF9060730A1DC9B62 /* [CP] Check Pods Manifest.lock */ = {
			isa = PBXShellScriptBuildPhase;
			buildActionMask = 2147483647;
			files = (
			);
			inputPaths = (
				"${PODS_PODFILE_DIR_PATH}/Podfile.lock",
				"${PODS_ROOT}/Manifest.lock",
			);
			name = "[CP] Check Pods Manifest.lock";
			outputPaths = (
				"$(DERIVED_FILE_DIR)/Pods-ResourcesTest-checkManifestLockResult.txt",
			);
			runOnlyForDeploymentPostprocessing = 0;
			shellPath = /bin/sh;
			shellScript = "diff \"${PODS_PODFILE_DIR_PATH}/Podfile.lock\" \"${PODS_ROOT}/Manifest.lock\" > /dev/null\nif [ $? != 0 ] ; then\n    # print error to STDERR\n    echo \"error: The sandbox is not in sync with the Podfile.lock. Run 'pod install' or update your CocoaPods installation.\" >&2\n    exit 1\nfi\n# This output is used by Xcode 'outputs' to avoid re-running this script phase.\necho \"SUCCESS\" > \"${SCRIPT_OUTPUT_FILE_0}\"\n";
			showEnvVarsInLog = 0;
		};
/* End PBXShellScriptBuildPhase section */

/* Begin PBXSourcesBuildPhase section */
		750B301B21CA3981009CBC6D /* Sources */ = {
			isa = PBXSourcesBuildPhase;
			buildActionMask = 2147483647;
			files = (
				750B302521CA3981009CBC6D /* ARHuxingViewController.swift in Sources */,
				750B302321CA3981009CBC6D /* AppDelegate.swift in Sources */,
			);
			runOnlyForDeploymentPostprocessing = 0;
		};
/* End PBXSourcesBuildPhase section */

/* Begin PBXVariantGroup section */
		750B302621CA3981009CBC6D /* Main.storyboard */ = {
			isa = PBXVariantGroup;
			children = (
				750B302721CA3981009CBC6D /* Base */,
			);
			name = Main.storyboard;
			sourceTree = "<group>";
		};
		750B302B21CA3982009CBC6D /* LaunchScreen.storyboard */ = {
			isa = PBXVariantGroup;
			children = (
				750B302C21CA3982009CBC6D /* Base */,
			);
			name = LaunchScreen.storyboard;
			sourceTree = "<group>";
		};
/* End PBXVariantGroup section */

/* Begin XCBuildConfiguration section */
		750B302F21CA3982009CBC6D /* Debug */ = {
			isa = XCBuildConfiguration;
			buildSettings = {
				ALWAYS_SEARCH_USER_PATHS = NO;
				CLANG_ANALYZER_NONNULL = YES;
				CLANG_ANALYZER_NUMBER_OBJECT_CONVERSION = YES_AGGRESSIVE;
				CLANG_CXX_LANGUAGE_STANDARD = "gnu++14";
				CLANG_CXX_LIBRARY = "libc++";
				CLANG_ENABLE_MODULES = YES;
				CLANG_ENABLE_OBJC_ARC = YES;
				CLANG_ENABLE_OBJC_WEAK = YES;
				CLANG_WARN_BLOCK_CAPTURE_AUTORELEASING = YES;
				CLANG_WARN_BOOL_CONVERSION = YES;
				CLANG_WARN_COMMA = YES;
				CLANG_WARN_CONSTANT_CONVERSION = YES;
				CLANG_WARN_DEPRECATED_OBJC_IMPLEMENTATIONS = YES;
				CLANG_WARN_DIRECT_OBJC_ISA_USAGE = YES_ERROR;
				CLANG_WARN_DOCUMENTATION_COMMENTS = YES;
				CLANG_WARN_EMPTY_BODY = YES;
				CLANG_WARN_ENUM_CONVERSION = YES;
				CLANG_WARN_INFINITE_RECURSION = YES;
				CLANG_WARN_INT_CONVERSION = YES;
				CLANG_WARN_NON_LITERAL_NULL_CONVERSION = YES;
				CLANG_WARN_OBJC_IMPLICIT_RETAIN_SELF = YES;
				CLANG_WARN_OBJC_LITERAL_CONVERSION = YES;
				CLANG_WARN_OBJC_ROOT_CLASS = YES_ERROR;
				CLANG_WARN_RANGE_LOOP_ANALYSIS = YES;
				CLANG_WARN_STRICT_PROTOTYPES = YES;
				CLANG_WARN_SUSPICIOUS_MOVE = YES;
				CLANG_WARN_UNGUARDED_AVAILABILITY = YES_AGGRESSIVE;
				CLANG_WARN_UNREACHABLE_CODE = YES;
				CLANG_WARN__DUPLICATE_METHOD_MATCH = YES;
				CODE_SIGN_IDENTITY = "iPhone Developer";
				COPY_PHASE_STRIP = NO;
				DEBUG_INFORMATION_FORMAT = dwarf;
				ENABLE_STRICT_OBJC_MSGSEND = YES;
				ENABLE_TESTABILITY = YES;
				GCC_C_LANGUAGE_STANDARD = gnu11;
				GCC_DYNAMIC_NO_PIC = NO;
				GCC_NO_COMMON_BLOCKS = YES;
				GCC_OPTIMIZATION_LEVEL = 0;
				GCC_PREPROCESSOR_DEFINITIONS = (
					"DEBUG=1",
					"$(inherited)",
				);
				GCC_WARN_64_TO_32_BIT_CONVERSION = YES;
				GCC_WARN_ABOUT_RETURN_TYPE = YES_ERROR;
				GCC_WARN_UNDECLARED_SELECTOR = YES;
				GCC_WARN_UNINITIALIZED_AUTOS = YES_AGGRESSIVE;
				GCC_WARN_UNUSED_FUNCTION = YES;
				GCC_WARN_UNUSED_VARIABLE = YES;
				IPHONEOS_DEPLOYMENT_TARGET = 12.1;
				MTL_ENABLE_DEBUG_INFO = INCLUDE_SOURCE;
				MTL_FAST_MATH = YES;
				ONLY_ACTIVE_ARCH = YES;
				SDKROOT = iphoneos;
				SWIFT_ACTIVE_COMPILATION_CONDITIONS = DEBUG;
				SWIFT_OPTIMIZATION_LEVEL = "-Onone";
			};
			name = Debug;
		};
		750B303021CA3982009CBC6D /* Release */ = {
			isa = XCBuildConfiguration;
			buildSettings = {
				ALWAYS_SEARCH_USER_PATHS = NO;
				CLANG_ANALYZER_NONNULL = YES;
				CLANG_ANALYZER_NUMBER_OBJECT_CONVERSION = YES_AGGRESSIVE;
				CLANG_CXX_LANGUAGE_STANDARD = "gnu++14";
				CLANG_CXX_LIBRARY = "libc++";
				CLANG_ENABLE_MODULES = YES;
				CLANG_ENABLE_OBJC_ARC = YES;
				CLANG_ENABLE_OBJC_WEAK = YES;
				CLANG_WARN_BLOCK_CAPTURE_AUTORELEASING = YES;
				CLANG_WARN_BOOL_CONVERSION = YES;
				CLANG_WARN_COMMA = YES;
				CLANG_WARN_CONSTANT_CONVERSION = YES;
				CLANG_WARN_DEPRECATED_OBJC_IMPLEMENTATIONS = YES;
				CLANG_WARN_DIRECT_OBJC_ISA_USAGE = YES_ERROR;
				CLANG_WARN_DOCUMENTATION_COMMENTS = YES;
				CLANG_WARN_EMPTY_BODY = YES;
				CLANG_WARN_ENUM_CONVERSION = YES;
				CLANG_WARN_INFINITE_RECURSION = YES;
				CLANG_WARN_INT_CONVERSION = YES;
				CLANG_WARN_NON_LITERAL_NULL_CONVERSION = YES;
				CLANG_WARN_OBJC_IMPLICIT_RETAIN_SELF = YES;
				CLANG_WARN_OBJC_LITERAL_CONVERSION = YES;
				CLANG_WARN_OBJC_ROOT_CLASS = YES_ERROR;
				CLANG_WARN_RANGE_LOOP_ANALYSIS = YES;
				CLANG_WARN_STRICT_PROTOTYPES = YES;
				CLANG_WARN_SUSPICIOUS_MOVE = YES;
				CLANG_WARN_UNGUARDED_AVAILABILITY = YES_AGGRESSIVE;
				CLANG_WARN_UNREACHABLE_CODE = YES;
				CLANG_WARN__DUPLICATE_METHOD_MATCH = YES;
				CODE_SIGN_IDENTITY = "iPhone Developer";
				COPY_PHASE_STRIP = NO;
				DEBUG_INFORMATION_FORMAT = "dwarf-with-dsym";
				ENABLE_NS_ASSERTIONS = NO;
				ENABLE_STRICT_OBJC_MSGSEND = YES;
				GCC_C_LANGUAGE_STANDARD = gnu11;
				GCC_NO_COMMON_BLOCKS = YES;
				GCC_WARN_64_TO_32_BIT_CONVERSION = YES;
				GCC_WARN_ABOUT_RETURN_TYPE = YES_ERROR;
				GCC_WARN_UNDECLARED_SELECTOR = YES;
				GCC_WARN_UNINITIALIZED_AUTOS = YES_AGGRESSIVE;
				GCC_WARN_UNUSED_FUNCTION = YES;
				GCC_WARN_UNUSED_VARIABLE = YES;
				IPHONEOS_DEPLOYMENT_TARGET = 12.1;
				MTL_ENABLE_DEBUG_INFO = NO;
				MTL_FAST_MATH = YES;
				SDKROOT = iphoneos;
				SWIFT_COMPILATION_MODE = wholemodule;
				SWIFT_OPTIMIZATION_LEVEL = "-O";
				VALIDATE_PRODUCT = YES;
			};
			name = Release;
		};
		750B303221CA3982009CBC6D /* Debug */ = {
			isa = XCBuildConfiguration;
			baseConfigurationReference = 444689DA0B0BD2AA6290B698 /* Pods-ResourcesTest.debug.xcconfig */;
			buildSettings = {
				ASSETCATALOG_COMPILER_APPICON_NAME = AppIcon;
				CODE_SIGN_STYLE = Automatic;
				INFOPLIST_FILE = ResourcesTest/Info.plist;
				LD_RUNPATH_SEARCH_PATHS = (
					"$(inherited)",
					"@executable_path/Frameworks",
				);
				PRODUCT_BUNDLE_IDENTIFIER = "com.haochong.acy-client.ResourcesTest";
				PRODUCT_NAME = "$(TARGET_NAME)";
				SWIFT_VERSION = 4.2;
				TARGETED_DEVICE_FAMILY = "1,2";
			};
			name = Debug;
		};
		750B303321CA3982009CBC6D /* Release */ = {
			isa = XCBuildConfiguration;
			baseConfigurationReference = 5981A63BA9063F9E65741842 /* Pods-ResourcesTest.release.xcconfig */;
			buildSettings = {
				ASSETCATALOG_COMPILER_APPICON_NAME = AppIcon;
				CODE_SIGN_STYLE = Automatic;
				INFOPLIST_FILE = ResourcesTest/Info.plist;
				LD_RUNPATH_SEARCH_PATHS = (
					"$(inherited)",
					"@executable_path/Frameworks",
				);
				PRODUCT_BUNDLE_IDENTIFIER = "com.haochong.acy-client.ResourcesTest";
				PRODUCT_NAME = "$(TARGET_NAME)";
				SWIFT_VERSION = 4.2;
				TARGETED_DEVICE_FAMILY = "1,2";
			};
			name = Release;
		};
/* End XCBuildConfiguration section */

/* Begin XCConfigurationList section */
		750B301A21CA3981009CBC6D /* Build configuration list for PBXProject "ResourcesTest" */ = {
			isa = XCConfigurationList;
			buildConfigurations = (
				750B302F21CA3982009CBC6D /* Debug */,
				750B303021CA3982009CBC6D /* Release */,
			);
			defaultConfigurationIsVisible = 0;
			defaultConfigurationName = Release;
		};
		750B303121CA3982009CBC6D /* Build configuration list for PBXNativeTarget "ResourcesTest" */ = {
			isa = XCConfigurationList;
			buildConfigurations = (
				750B303221CA3982009CBC6D /* Debug */,
				750B303321CA3982009CBC6D /* Release */,
			);
			defaultConfigurationIsVisible = 0;
			defaultConfigurationName = Release;
		};
/* End XCConfigurationList section */
	};
	rootObject = 750B301721CA3981009CBC6D /* Project object */;
}
